
Microsoft Visual Studio Solution File, Format Version 10.00
# Visual Studio 2008
Project("{FAE04EC0-301F-11D3-BF4B-00C04F79EFBC}") = "InterIMAP", "InterIMAP\InterIMAP.csproj", "{12A005BE-C03F-4950-8568-9814FDF61776}"
EndProject
Project("{FAE04EC0-301F-11D3-BF4B-00C04F79EFBC}") = "InterIMAPConsoleTest", "InterIMAPConsoleTest\InterIMAPConsoleTest.csproj", "{F9B80728-79D7-46B3-8C64-7275E3E06DA0}"
EndProject
Project("{FAE04EC0-301F-11D3-BF4B-00C04F79EFBC}") = "ConfigGenerator", "ConfigGenerator\ConfigGenerator.csproj", "{58DED038-265E-4A5F-9D93-F8C2A651F934}"
EndProject
Project("{FAE04EC0-301F-11D3-BF4B-00C04F79EFBC}") = "ConfigGeneratorWin", "ConfigGeneratorWin\ConfigGeneratorWin.csproj", "{E6039749-AFE9-4F0D-8B47-74FDA4B87763}"
EndProject
Project("{FAE04EC0-301F-11D3-BF4B-00C04F79EFBC}") = "SampleMailClient", "SampleMailClient\SampleMailClient.csproj", "{03CE1942-6129-4FE5-9651-59EC12DE3563}"
EndProject
Global
	GlobalSection(TeamFoundationVersionControl) = preSolution
		SccNumberOfProjects = 5
		SccEnterpriseProvider = {4CA58AB2-18FA-4F8D-95D4-32DDF27D184C}
		SccTeamFoundationServer = https://tfs07.codeplex.com/
		SccLocalPath0 = .
		SccProjectUniqueName1 = InterIMAP\\InterIMAP.csproj
		SccProjectName1 = InterIMAP
		SccLocalPath1 = InterIMAP
		SccProjectUniqueName2 = InterIMAPConsoleTest\\InterIMAPConsoleTest.csproj
		SccProjectName2 = InterIMAPConsoleTest
		SccLocalPath2 = InterIMAPConsoleTest
		SccProjectUniqueName3 = ConfigGenerator\\ConfigGenerator.csproj
		SccProjectName3 = ConfigGenerator
		SccLocalPath3 = ConfigGenerator
		SccProjectUniqueName4 = ConfigGeneratorWin\\ConfigGeneratorWin.csproj
		SccProjectName4 = ConfigGeneratorWin
		SccLocalPath4 = ConfigGeneratorWin
	EndGlobalSection
	GlobalSection(SolutionConfigurationPlatforms) = preSolution
		Debug|Any CPU = Debug|Any CPU
		Release|Any CPU = Release|Any CPU
	EndGlobalSection
	GlobalSection(ProjectConfigurationPlatforms) = postSolution
		{12A005BE-C03F-4950-8568-9814FDF61776}.Debug|Any CPU.ActiveCfg = Debug|Any CPU
		{12A005BE-C03F-4950-8568-9814FDF61776}.Debug|Any CPU.Build.0 = Debug|Any CPU
		{12A005BE-C03F-4950-8568-9814FDF61776}.Release|Any CPU.ActiveCfg = Release|Any CPU
		{12A005BE-C03F-4950-8568-9814FDF61776}.Release|Any CPU.Build.0 = Release|Any CPU
		{F9B80728-79D7-46B3-8C64-7275E3E06DA0}.Debug|Any CPU.ActiveCfg = Debug|Any CPU
		{F9B80728-79D7-46B3-8C64-7275E3E06DA0}.Debug|Any CPU.Build.0 = Debug|Any CPU
		{F9B80728-79D7-46B3-8C64-7275E3E06DA0}.Release|Any CPU.ActiveCfg = Release|Any CPU
		{F9B80728-79D7-46B3-8C64-7275E3E06DA0}.Release|Any CPU.Build.0 = Release|Any CPU
		{58DED038-265E-4A5F-9D93-F8C2A651F934}.Debug|Any CPU.ActiveCfg = Debug|Any CPU
		{58DED038-265E-4A5F-9D93-F8C2A651F934}.Debug|Any CPU.Build.0 = Debug|Any CPU
		{58DED038-265E-4A5F-9D93-F8C2A651F934}.Release|Any CPU.ActiveCfg = Release|Any CPU
		{58DED038-265E-4A5F-9D93-F8C2A651F934}.Release|Any CPU.Build.0 = Release|Any CPU
		{E6039749-AFE9-4F0D-8B47-74FDA4B87763}.Debug|Any CPU.ActiveCfg = Debug|Any CPU
		{E6039749-AFE9-4F0D-8B47-74FDA4B87763}.Debug|Any CPU.Build.0 = Debug|Any CPU
		{E6039749-AFE9-4F0D-8B47-74FDA4B87763}.Release|Any CPU.ActiveCfg = Release|Any CPU
		{E6039749-AFE9-4F0D-8B47-74FDA4B87763}.Release|Any CPU.Build.0 = Release|Any CPU
		{03CE1942-6129-4FE5-9651-59EC12DE3563}.Debug|Any CPU.ActiveCfg = Debug|Any CPU
		{03CE1942-6129-4FE5-9651-59EC12DE3563}.Debug|Any CPU.Build.0 = Debug|Any CPU
		{03CE1942-6129-4FE5-9651-59EC12DE3563}.Release|Any CPU.ActiveCfg = Release|Any CPU
		{03CE1942-6129-4FE5-9651-59EC12DE3563}.Release|Any CPU.Build.0 = Release|Any CPU
	EndGlobalSection
	GlobalSection(SolutionProperties) = preSolution
		HideSolutionNode = FALSE
	EndGlobalSection
EndGlobal
